// !$*UTF8*$!
{
	archiveVersion = 1;
	classes = {
	};
	objectVersion = 50;
	objects = {

/* Begin PBXBuildFile section */
		1708C9DF23F4571100D02BD2 /* TouchGesture.swift in Sources */ = {isa = PBXBuildFile; fileRef = 1708C9DE23F4571100D02BD2 /* TouchGesture.swift */; };
		1722522723F4355F00614DB7 /* AppDelegate.swift in Sources */ = {isa = PBXBuildFile; fileRef = 1722522623F4355F00614DB7 /* AppDelegate.swift */; };
		1722522B23F4355F00614DB7 /* ViewController.swift in Sources */ = {isa = PBXBuildFile; fileRef = 1722522A23F4355F00614DB7 /* ViewController.swift */; };
		1722522E23F4355F00614DB7 /* Main.storyboard in Resources */ = {isa = PBXBuildFile; fileRef = 1722522C23F4355F00614DB7 /* Main.storyboard */; };
		1722523023F4356100614DB7 /* Assets.xcassets in Resources */ = {isa = PBXBuildFile; fileRef = 1722522F23F4356100614DB7 /* Assets.xcassets */; };
		1722523323F4356100614DB7 /* LaunchScreen.storyboard in Resources */ = {isa = PBXBuildFile; fileRef = 1722523123F4356100614DB7 /* LaunchScreen.storyboard */; };
		1722523B23F435D700614DB7 /* BoardView.swift in Sources */ = {isa = PBXBuildFile; fileRef = 1722523A23F435D700614DB7 /* BoardView.swift */; };
		1722523D23F4364F00614DB7 /* GemView.swift in Sources */ = {isa = PBXBuildFile; fileRef = 1722523C23F4364F00614DB7 /* GemView.swift */; };
/* End PBXBuildFile section */

/* Begin PBXFileReference section */
		1708C9DE23F4571100D02BD2 /* TouchGesture.swift */ = {isa = PBXFileReference; lastKnownFileType = sourcecode.swift; path = TouchGesture.swift; sourceTree = "<group>"; };
		1722522323F4355F00614DB7 /* Gems Game Testing.app */ = {isa = PBXFileReference; explicitFileType = wrapper.application; includeInIndex = 0; path = "Gems Game Testing.app"; sourceTree = BUILT_PRODUCTS_DIR; };
		1722522623F4355F00614DB7 /* AppDelegate.swift */ = {isa = PBXFileReference; lastKnownFileType = sourcecode.swift; path = AppDelegate.swift; sourceTree = "<group>"; };
		1722522A23F4355F00614DB7 /* ViewController.swift */ = {isa = PBXFileReference; lastKnownFileType = sourcecode.swift; path = ViewController.swift; sourceTree = "<group>"; };
		1722522D23F4355F00614DB7 /* Base */ = {isa = PBXFileReference; lastKnownFileType = file.storyboard; name = Base; path = Base.lproj/Main.storyboard; sourceTree = "<group>"; };
		1722522F23F4356100614DB7 /* Assets.xcassets */ = {isa = PBXFileReference; lastKnownFileType = folder.assetcatalog; path = Assets.xcassets; sourceTree = "<group>"; };
		1722523223F4356100614DB7 /* Base */ = {isa = PBXFileReference; lastKnownFileType = file.storyboard; name = Base; path = Base.lproj/LaunchScreen.storyboard; sourceTree = "<group>"; };
		1722523423F4356100614DB7 /* Info.plist */ = {isa = PBXFileReference; lastKnownFileType = text.plist.xml; path = Info.plist; sourceTree = "<group>"; };
		1722523A23F435D700614DB7 /* BoardView.swift */ = {isa = PBXFileReference; lastKnownFileType = sourcecode.swift; path = BoardView.swift; sourceTree = "<group>"; };
		1722523C23F4364F00614DB7 /* GemView.swift */ = {isa = PBXFileReference; lastKnownFileType = sourcecode.swift; path = GemView.swift; sourceTree = "<group>"; };
		17CB049823F65DE400F477B9 /* README.md */ = {isa = PBXFileReference; lastKnownFileType = net.daringfireball.markdown; path = README.md; sourceTree = "<group>"; };
/* End PBXFileReference section */

/* Begin PBXFrameworksBuildPhase section */
		1722522023F4355F00614DB7 /* Frameworks */ = {
			isa = PBXFrameworksBuildPhase;
			buildActionMask = 2147483647;
			files = (
			);
			runOnlyForDeploymentPostprocessing = 0;
		};
/* End PBXFrameworksBuildPhase section */

/* Begin PBXGroup section */
		1722521A23F4355F00614DB7 = {
			isa = PBXGroup;
			children = (
				17CB049823F65DE400F477B9 /* README.md */,
				1722522523F4355F00614DB7 /* Gems Game Testing */,
				1722522423F4355F00614DB7 /* Products */,
			);
			sourceTree = "<group>";
		};
		1722522423F4355F00614DB7 /* Products */ = {
			isa = PBXGroup;
			children = (
				1722522323F4355F00614DB7 /* Gems Game Testing.app */,
			);
			name = Products;
			sourceTree = "<group>";
		};
		1722522523F4355F00614DB7 /* Gems Game Testing */ = {
			isa = PBXGroup;
			children = (
				1722522623F4355F00614DB7 /* AppDelegate.swift */,
				1722522C23F4355F00614DB7 /* Main.storyboard */,
				1722522F23F4356100614DB7 /* Assets.xcassets */,
				1722523123F4356100614DB7 /* LaunchScreen.storyboard */,
				1722523423F4356100614DB7 /* Info.plist */,
				1722522A23F4355F00614DB7 /* ViewController.swift */,
				1722523A23F435D700614DB7 /* BoardView.swift */,
				1722523C23F4364F00614DB7 /* GemView.swift */,
				1708C9DE23F4571100D02BD2 /* TouchGesture.swift */,
			);
			path = "Gems Game Testing";
			sourceTree = "<group>";
		};
/* End PBXGroup section */

/* Begin PBXNativeTarget section */
		1722522223F4355F00614DB7 /* Gems Game Testing */ = {
			isa = PBXNativeTarget;
			buildConfigurationList = 1722523723F4356100614DB7 /* Build configuration list for PBXNativeTarget "Gems Game Testing" */;
			buildPhases = (
				1722521F23F4355F00614DB7 /* Sources */,
				1722522023F4355F00614DB7 /* Frameworks */,
				1722522123F4355F00614DB7 /* Resources */,
			);
			buildRules = (
			);
			dependencies = (
			);
			name = "Gems Game Testing";
			productName = "Gems Game Testing";
			productReference = 1722522323F4355F00614DB7 /* Gems Game Testing.app */;
			productType = "com.apple.product-type.application";
		};
/* End PBXNativeTarget section */

/* Begin PBXProject section */
		1722521B23F4355F00614DB7 /* Project object */ = {
			isa = PBXProject;
			attributes = {
				LastSwiftUpdateCheck = 1110;
				LastUpgradeCheck = 1110;
				ORGANIZATIONNAME = chanonly123;
				TargetAttributes = {
					1722522223F4355F00614DB7 = {
						CreatedOnToolsVersion = 11.1;
					};
				};
			};
			buildConfigurationList = 1722521E23F4355F00614DB7 /* Build configuration list for PBXProject "Gems Game Testing" */;
			compatibilityVersion = "Xcode 9.3";
			developmentRegion = en;
			hasScannedForEncodings = 0;
			knownRegions = (
				en,
				Base,
			);
			mainGroup = 1722521A23F4355F00614DB7;
			productRefGroup = 1722522423F4355F00614DB7 /* Products */;
			projectDirPath = "";
			projectRoot = "";
			targets = (
				1722522223F4355F00614DB7 /* Gems Game Testing */,
			);
		};
/* End PBXProject section */

/* Begin PBXResourcesBuildPhase section */
		1722522123F4355F00614DB7 /* Resources */ = {
			isa = PBXResourcesBuildPhase;
			buildActionMask = 2147483647;
			files = (
				1722523323F4356100614DB7 /* LaunchScreen.storyboard in Resources */,
				1722523023F4356100614DB7 /* Assets.xcassets in Resources */,
				1722522E23F4355F00614DB7 /* Main.storyboard in Resources */,
			);
			runOnlyForDeploymentPostprocessing = 0;
		};
/* End PBXResourcesBuildPhase section */

/* Begin PBXSourcesBuildPhase section */
		1722521F23F4355F00614DB7 /* Sources */ = {
			isa = PBXSourcesBuildPhase;
			buildActionMask = 2147483647;
			files = (
				1708C9DF23F4571100D02BD2 /* TouchGesture.swift in Sources */,
				1722523D23F4364F00614DB7 /* GemView.swift in Sources */,
				1722523B23F435D700614DB7 /* BoardView.swift in Sources */,
				1722522B23F4355F00614DB7 /* ViewController.swift in Sources */,
				1722522723F4355F00614DB7 /* AppDelegate.swift in Sources */,
			);
			runOnlyForDeploymentPostprocessing = 0;
		};
/* End PBXSourcesBuildPhase section */

/* Begin PBXVariantGroup section */
		1722522C23F4355F00614DB7 /* Main.storyboard */ = {
			isa = PBXVariantGroup;
			children = (
				1722522D23F4355F00614DB7 /* Base */,
			);
			name = Main.storyboard;
			sourceTree = "<group>";
		};
		1722523123F4356100614DB7 /* LaunchScreen.storyboard */ = {
			isa = PBXVariantGroup;
			children = (
				1722523223F4356100614DB7 /* Base */,
			);
			name = LaunchScreen.storyboard;
			sourceTree = "<group>";
		};
/* End PBXVariantGroup section */

/* Begin XCBuildConfiguration section */
		1722523523F4356100614DB7 /* Debug */ = {
			isa = XCBuildConfiguration;
			buildSettings = {
				ALWAYS_SEARCH_USER_PATHS = NO;
				CLANG_ANALYZER_NONNULL = YES;
				CLANG_ANALYZER_NUMBER_OBJECT_CONVERSION = YES_AGGRESSIVE;
				CLANG_CXX_LANGUAGE_STANDARD = "gnu++14";
				CLANG_CXX_LIBRARY = "libc++";
				CLANG_ENABLE_MODULES = YES;
				CLANG_ENABLE_OBJC_ARC = YES;
				CLANG_ENABLE_OBJC_WEAK = YES;
				CLANG_WARN_BLOCK_CAPTURE_AUTORELEASING = YES;
				CLANG_WARN_BOOL_CONVERSION = YES;
				CLANG_WARN_COMMA = YES;
				CLANG_WARN_CONSTANT_CONVERSION = YES;
				CLANG_WARN_DEPRECATED_OBJC_IMPLEMENTATIONS = YES;
				CLANG_WARN_DIRECT_OBJC_ISA_USAGE = YES_ERROR;
				CLANG_WARN_DOCUMENTATION_COMMENTS = YES;
				CLANG_WARN_EMPTY_BODY = YES;
				CLANG_WARN_ENUM_CONVERSION = YES;
				CLANG_WARN_INFINITE_RECURSION = YES;
				CLANG_WARN_INT_CONVERSION = YES;
				CLANG_WARN_NON_LITERAL_NULL_CONVERSION = YES;
				CLANG_WARN_OBJC_IMPLICIT_RETAIN_SELF = YES;
				CLANG_WARN_OBJC_LITERAL_CONVERSION = YES;
				CLANG_WARN_OBJC_ROOT_CLASS = YES_ERROR;
				CLANG_WARN_RANGE_LOOP_ANALYSIS = YES;
				CLANG_WARN_STRICT_PROTOTYPES = YES;
				CLANG_WARN_SUSPICIOUS_MOVE = YES;
				CLANG_WARN_UNGUARDED_AVAILABILITY = YES_AGGRESSIVE;
				CLANG_WARN_UNREACHABLE_CODE = YES;
				CLANG_WARN__DUPLICATE_METHOD_MATCH = YES;
				COPY_PHASE_STRIP = NO;
				DEBUG_INFORMATION_FORMAT = dwarf;
				ENABLE_STRICT_OBJC_MSGSEND = YES;
				ENABLE_TESTABILITY = YES;
				GCC_C_LANGUAGE_STANDARD = gnu11;
				GCC_DYNAMIC_NO_PIC = NO;
				GCC_NO_COMMON_BLOCKS = YES;
				GCC_OPTIMIZATION_LEVEL = 0;
				GCC_PREPROCESSOR_DEFINITIONS = (
					"DEBUG=1",
					"$(inherited)",
				);
				GCC_WARN_64_TO_32_BIT_CONVERSION = YES;
				GCC_WARN_ABOUT_RETURN_TYPE = YES_ERROR;
				GCC_WARN_UNDECLARED_SELECTOR = YES;
				GCC_WARN_UNINITIALIZED_AUTOS = YES_AGGRESSIVE;
				GCC_WARN_UNUSED_FUNCTION = YES;
				GCC_WARN_UNUSED_VARIABLE = YES;
				IPHONEOS_DEPLOYMENT_TARGET = 13.1;
				MTL_ENABLE_DEBUG_INFO = INCLUDE_SOURCE;
				MTL_FAST_MATH = YES;
				ONLY_ACTIVE_ARCH = YES;
				SDKROOT = iphoneos;
				SWIFT_ACTIVE_COMPILATION_CONDITIONS = DEBUG;
				SWIFT_OPTIMIZATION_LEVEL = "-Onone";
			};
			name = Debug;
		};
		1722523623F4356100614DB7 /* Release */ = {
			isa = XCBuildConfiguration;
			buildSettings = {
				ALWAYS_SEARCH_USER_PATHS = NO;
				CLANG_ANALYZER_NONNULL = YES;
				CLANG_ANALYZER_NUMBER_OBJECT_CONVERSION = YES_AGGRESSIVE;
				CLANG_CXX_LANGUAGE_STANDARD = "gnu++14";
				CLANG_CXX_LIBRARY = "libc++";
				CLANG_ENABLE_MODULES = YES;
				CLANG_ENABLE_OBJC_ARC = YES;
				CLANG_ENABLE_OBJC_WEAK = YES;
				CLANG_WARN_BLOCK_CAPTURE_AUTORELEASING = YES;
				CLANG_WARN_BOOL_CONVERSION = YES;
				CLANG_WARN_COMMA = YES;
				CLANG_WARN_CONSTANT_CONVERSION = YES;
				CLANG_WARN_DEPRECATED_OBJC_IMPLEMENTATIONS = YES;
				CLANG_WARN_DIRECT_OBJC_ISA_USAGE = YES_ERROR;
				CLANG_WARN_DOCUMENTATION_COMMENTS = YES;
				CLANG_WARN_EMPTY_BODY = YES;
				CLANG_WARN_ENUM_CONVERSION = YES;
				CLANG_WARN_INFINITE_RECURSION = YES;
				CLANG_WARN_INT_CONVERSION = YES;
				CLANG_WARN_NON_LITERAL_NULL_CONVERSION = YES;
				CLANG_WARN_OBJC_IMPLICIT_RETAIN_SELF = YES;
				CLANG_WARN_OBJC_LITERAL_CONVERSION = YES;
				CLANG_WARN_OBJC_ROOT_CLASS = YES_ERROR;
				CLANG_WARN_RANGE_LOOP_ANALYSIS = YES;
				CLANG_WARN_STRICT_PROTOTYPES = YES;
				CLANG_WARN_SUSPICIOUS_MOVE = YES;
				CLANG_WARN_UNGUARDED_AVAILABILITY = YES_AGGRESSIVE;
				CLANG_WARN_UNREACHABLE_CODE = YES;
				CLANG_WARN__DUPLICATE_METHOD_MATCH = YES;
				COPY_PHASE_STRIP = NO;
				DEBUG_INFORMATION_FORMAT = "dwarf-with-dsym";
				ENABLE_NS_ASSERTIONS = NO;
				ENABLE_STRICT_OBJC_MSGSEND = YES;
				GCC_C_LANGUAGE_STANDARD = gnu11;
				GCC_NO_COMMON_BLOCKS = YES;
				GCC_WARN_64_TO_32_BIT_CONVERSION = YES;
				GCC_WARN_ABOUT_RETURN_TYPE = YES_ERROR;
				GCC_WARN_UNDECLARED_SELECTOR = YES;
				GCC_WARN_UNINITIALIZED_AUTOS = YES_AGGRESSIVE;
				GCC_WARN_UNUSED_FUNCTION = YES;
				GCC_WARN_UNUSED_VARIABLE = YES;
				IPHONEOS_DEPLOYMENT_TARGET = 13.1;
				MTL_ENABLE_DEBUG_INFO = NO;
				MTL_FAST_MATH = YES;
				SDKROOT = iphoneos;
				SWIFT_COMPILATION_MODE = wholemodule;
				SWIFT_OPTIMIZATION_LEVEL = "-O";
				VALIDATE_PRODUCT = YES;
			};
			name = Release;
		};
		1722523823F4356100614DB7 /* Debug */ = {
			isa = XCBuildConfiguration;
			buildSettings = {
				ASSETCATALOG_COMPILER_APPICON_NAME = AppIcon;
				CODE_SIGN_STYLE = Automatic;
				DEVELOPMENT_TEAM = 5WW76S3NRC;
				INFOPLIST_FILE = "Gems Game Testing/Info.plist";
				IPHONEOS_DEPLOYMENT_TARGET = 10.0;
				LD_RUNPATH_SEARCH_PATHS = (
					"$(inherited)",
					"@executable_path/Frameworks",
				);
				PRODUCT_BUNDLE_IDENTIFIER = "com.chanonly123.Gems-Game-Testing";
				PRODUCT_NAME = "$(TARGET_NAME)";
				SWIFT_VERSION = 5.0;
				TARGETED_DEVICE_FAMILY = "1,2";
			};
			name = Debug;
		};
		1722523923F4356100614DB7 /* Release */ = {
			isa = XCBuildConfiguration;
			buildSettings = {
				ASSETCATALOG_COMPILER_APPICON_NAME = AppIcon;
				CODE_SIGN_STYLE = Automatic;
				DEVELOPMENT_TEAM = 5WW76S3NRC;
				INFOPLIST_FILE = "Gems Game Testing/Info.plist";
				IPHONEOS_DEPLOYMENT_TARGET = 10.0;
				LD_RUNPATH_SEARCH_PATHS = (
					"$(inherited)",
					"@executable_path/Frameworks",
				);
				PRODUCT_BUNDLE_IDENTIFIER = "com.chanonly123.Gems-Game-Testing";
				PRODUCT_NAME = "$(TARGET_NAME)";
				SWIFT_VERSION = 5.0;
				TARGETED_DEVICE_FAMILY = "1,2";
			};
			name = Release;
		};
/* End XCBuildConfiguration section */

/* Begin XCConfigurationList section */
		1722521E23F4355F00614DB7 /* Build configuration list for PBXProject "Gems Game Testing" */ = {
			isa = XCConfigurationList;
			buildConfigurations = (
				1722523523F4356100614DB7 /* Debug */,
				1722523623F4356100614DB7 /* Release */,
			);
			defaultConfigurationIsVisible = 0;
			defaultConfigurationName = Release;
		};
		1722523723F4356100614DB7 /* Build configuration list for PBXNativeTarget "Gems Game Testing" */ = {
			isa = XCConfigurationList;
			buildConfigurations = (
				1722523823F4356100614DB7 /* Debug */,
				1722523923F4356100614DB7 /* Release */,
			);
			defaultConfigurationIsVisible = 0;
			defaultConfigurationName = Release;
		};
/* End XCConfigurationList section */
	};
	rootObject = 1722521B23F4355F00614DB7 /* Project object */;
}
